
Microsoft Visual Studio Solution File, Format Version 12.00
# Visual Studio Version 16
VisualStudioVersion = 16.0.30907.101
MinimumVisualStudioVersion = 10.0.40219.1
Project("{FAE04EC0-301F-11D3-BF4B-00C04F79EFBC}") = "LogMyNATPubIP", "LogMyNATPubIP\LogMyNATPubIP.csproj", "{9F3CD9DC-CBD3-474B-B66F-E12E34CC0099}"
EndProject
Global
	GlobalSection(SolutionConfigurationPlatforms) = preSolution
		Debug|Any CPU = Debug|Any CPU
		Release|Any CPU = Release|Any CPU
	EndGlobalSection
	GlobalSection(ProjectConfigurationPlatforms) = postSolution
		{9F3CD9DC-CBD3-474B-B66F-E12E34CC0099}.Debug|Any CPU.ActiveCfg = Debug|Any CPU
		{9F3CD9DC-CBD3-474B-B66F-E12E34CC0099}.Debug|Any CPU.Build.0 = Debug|Any CPU
		{9F3CD9DC-CBD3-474B-B66F-E12E34CC0099}.Release|Any CPU.ActiveCfg = Release|Any CPU
		{9F3CD9DC-CBD3-474B-B66F-E12E34CC0099}.Release|Any CPU.Build.0 = Release|Any CPU
	EndGlobalSection
	GlobalSection(SolutionProperties) = preSolution
		HideSolutionNode = FALSE
	EndGlobalSection
	GlobalSection(ExtensibilityGlobals) = postSolution
		SolutionGuid = {EF319701-2447-402C-A5FF-997E16FEB3D6}
	EndGlobalSection
EndGlobal
